
Microsoft Visual Studio Solution File, Format Version 12.00
# Visual Studio Version 17
VisualStudioVersion = 17.9.34723.18
MinimumVisualStudioVersion = 10.0.40219.1
Project("{FAE04EC0-301F-11D3-BF4B-00C04F79EFBC}") = "FormattedTextGestureRecognizerBug", "FormattedTextGestureRecognizerBug\FormattedTextGestureRecognizerBug.csproj", "{A1D43E33-7EBE-42E6-B58A-711501C8CE24}"
EndProject
Global
	GlobalSection(SolutionConfigurationPlatforms) = preSolution
		Debug|Any CPU = Debug|Any CPU
		Release|Any CPU = Release|Any CPU
	EndGlobalSection
	GlobalSection(ProjectConfigurationPlatforms) = postSolution
		{A1D43E33-7EBE-42E6-B58A-711501C8CE24}.Debug|Any CPU.ActiveCfg = Debug|Any CPU
		{A1D43E33-7EBE-42E6-B58A-711501C8CE24}.Debug|Any CPU.Build.0 = Debug|Any CPU
		{A1D43E33-7EBE-42E6-B58A-711501C8CE24}.Debug|Any CPU.Deploy.0 = Debug|Any CPU
		{A1D43E33-7EBE-42E6-B58A-711501C8CE24}.Release|Any CPU.ActiveCfg = Release|Any CPU
		{A1D43E33-7EBE-42E6-B58A-711501C8CE24}.Release|Any CPU.Build.0 = Release|Any CPU
		{A1D43E33-7EBE-42E6-B58A-711501C8CE24}.Release|Any CPU.Deploy.0 = Release|Any CPU
	EndGlobalSection
	GlobalSection(SolutionProperties) = preSolution
		HideSolutionNode = FALSE
	EndGlobalSection
	GlobalSection(ExtensibilityGlobals) = postSolution
		SolutionGuid = {0FEA6CC4-B7FA-4FBC-A036-61D96C80826B}
	EndGlobalSection
EndGlobal
